// !$*UTF8*$!
{
	archiveVersion = 1;
	classes = {
	};
	objectVersion = 77;
	objects = {

/* Begin PBXBuildFile section */
		A10000000000000000000001 /* Supabase in Frameworks */ = {isa = PBXBuildFile; productRef = A10000000000000000000101 /* Supabase */; };
		A10000000000000000000002 /* KeychainAccess in Frameworks */ = {isa = PBXBuildFile; productRef = A10000000000000000000102 /* KeychainAccess */; };
		A10000000000000000000003 /* GoogleSignIn in Frameworks */ = {isa = PBXBuildFile; productRef = A10000000000000000000103 /* GoogleSignIn */; };
		A10000000000000000000004 /* Nuke in Frameworks */ = {isa = PBXBuildFile; productRef = A10000000000000000000104 /* Nuke */; };
		A10000000000000000000005 /* SwiftUIIntrospect in Frameworks */ = {isa = PBXBuildFile; productRef = A10000000000000000000105 /* SwiftUIIntrospect */; };
		A10000000000000000000006 /* FirebaseMessaging in Frameworks */ = {isa = PBXBuildFile; productRef = A10000000000000000000106 /* FirebaseMessaging */; };
		A10000000000000000000007 /* SwiftDate in Frameworks */ = {isa = PBXBuildFile; productRef = A10000000000000000000107 /* SwiftDate */; };
		CF34273C2F93F11800F2228C /* RevenueCat in Frameworks */ = {isa = PBXBuildFile; productRef = CF34273B2F93F11800F2228C /* RevenueCat */; };
		CFE0CF482F981896000A2CBD /* WidgetKit.framework in Frameworks */ = {isa = PBXBuildFile; fileRef = CFE0CF2A2F98165A000A2CBD /* WidgetKit.framework */; };
		CFE0CF492F981896000A2CBD /* SwiftUI.framework in Frameworks */ = {isa = PBXBuildFile; fileRef = CFE0CF2C2F98165B000A2CBD /* SwiftUI.framework */; };
		CFE0CF582F981899000A2CBD /* RoostWidgetsExtension.appex in Embed Foundation Extensions */ = {isa = PBXBuildFile; fileRef = CFE0CF472F981896000A2CBD /* RoostWidgetsExtension.appex */; settings = {ATTRIBUTES = (RemoveHeadersOnCopy, ); }; };
/* End PBXBuildFile section */

/* Begin PBXContainerItemProxy section */
		A10000000000000000000020 /* PBXContainerItemProxy */ = {
			isa = PBXContainerItemProxy;
			containerPortal = CF2F9AEF2F74804E0013AAC9 /* Project object */;
			proxyType = 1;
			remoteGlobalIDString = CF2F9AF62F74804E0013AAC9;
			remoteInfo = Roost_iOS;
		};
		A10000000000000000000021 /* PBXContainerItemProxy */ = {
			isa = PBXContainerItemProxy;
			containerPortal = CF2F9AEF2F74804E0013AAC9 /* Project object */;
			proxyType = 1;
			remoteGlobalIDString = CF2F9AF62F74804E0013AAC9;
			remoteInfo = Roost_iOS;
		};
		CFE0CF562F981899000A2CBD /* PBXContainerItemProxy */ = {
			isa = PBXContainerItemProxy;
			containerPortal = CF2F9AEF2F74804E0013AAC9 /* Project object */;
			proxyType = 1;
			remoteGlobalIDString = CFE0CF462F981896000A2CBD;
			remoteInfo = RoostWidgetsExtension;
		};
/* End PBXContainerItemProxy section */

/* Begin PBXCopyFilesBuildPhase section */
		CFE0CF412F98165D000A2CBD /* Embed Foundation Extensions */ = {
			isa = PBXCopyFilesBuildPhase;
			buildActionMask = 2147483647;
			dstPath = "";
			dstSubfolderSpec = 13;
			files = (
				CFE0CF582F981899000A2CBD /* RoostWidgetsExtension.appex in Embed Foundation Extensions */,
			);
			name = "Embed Foundation Extensions";
			runOnlyForDeploymentPostprocessing = 0;
		};
/* End PBXCopyFilesBuildPhase section */

/* Begin PBXFileReference section */
		A10000000000000000000030 /* RoostTests.xctest */ = {isa = PBXFileReference; explicitFileType = wrapper.cfbundle; includeInIndex = 0; path = RoostTests.xctest; sourceTree = BUILT_PRODUCTS_DIR; };
		A10000000000000000000031 /* RoostUITests.xctest */ = {isa = PBXFileReference; explicitFileType = wrapper.cfbundle; includeInIndex = 0; path = RoostUITests.xctest; sourceTree = BUILT_PRODUCTS_DIR; };
		A10000000000000000000034 /* Roost_iOS/Config/Secrets.xcconfig */ = {isa = PBXFileReference; lastKnownFileType = text.xcconfig; path = Roost_iOS/Config/Secrets.xcconfig; sourceTree = "<group>"; };
		CF2F9AF72F74804E0013AAC9 /* Roost.app */ = {isa = PBXFileReference; explicitFileType = wrapper.application; includeInIndex = 0; path = Roost.app; sourceTree = BUILT_PRODUCTS_DIR; };
		CF2FA20E2F7492A50013AAC9 /* Info.plist */ = {isa = PBXFileReference; lastKnownFileType = text.plist.xml; path = Info.plist; sourceTree = "<group>"; };
		CFE0CF2A2F98165A000A2CBD /* WidgetKit.framework */ = {isa = PBXFileReference; lastKnownFileType = wrapper.framework; name = WidgetKit.framework; path = System/Library/Frameworks/WidgetKit.framework; sourceTree = SDKROOT; };
		CFE0CF2C2F98165B000A2CBD /* SwiftUI.framework */ = {isa = PBXFileReference; lastKnownFileType = wrapper.framework; name = SwiftUI.framework; path = System/Library/Frameworks/SwiftUI.framework; sourceTree = SDKROOT; };
		CFE0CF472F981896000A2CBD /* RoostWidgetsExtension.appex */ = {isa = PBXFileReference; explicitFileType = "wrapper.app-extension"; includeInIndex = 0; path = RoostWidgetsExtension.appex; sourceTree = BUILT_PRODUCTS_DIR; };
		CFE0CF5D2F9818BF000A2CBD /* RoostWidgetsExtension.entitlements */ = {isa = PBXFileReference; lastKnownFileType = text.plist.entitlements; path = RoostWidgetsExtension.entitlements; sourceTree = "<group>"; };
/* End PBXFileReference section */

/* Begin PBXFileSystemSynchronizedBuildFileExceptionSet section */
		CF583B872F8CE6CB0032004C /* Exceptions for "Roost_iOS" folder in "Roost_iOS" target */ = {
			isa = PBXFileSystemSynchronizedBuildFileExceptionSet;
			membershipExceptions = (
				Config/Secrets.xcconfig,
			);
			target = CF2F9AF62F74804E0013AAC9 /* Roost_iOS */;
		};
		CFE0CF5C2F981899000A2CBD /* Exceptions for "RoostWidgets" folder in "RoostWidgetsExtension" target */ = {
			isa = PBXFileSystemSynchronizedBuildFileExceptionSet;
			membershipExceptions = (
				Info.plist,
			);
			target = CFE0CF462F981896000A2CBD /* RoostWidgetsExtension */;
		};
		CFE0D4072F981F66000A2CBD /* Exceptions for "Roost_iOS" folder in "RoostWidgetsExtension" target */ = {
			isa = PBXFileSystemSynchronizedBuildFileExceptionSet;
			membershipExceptions = (
				Design/DesignSystem.swift,
				LocalData/DeviceIdentity.swift,
				LocalData/LocalDataManager.swift,
				LocalData/MutationQueue.swift,
				LocalData/SwiftDataModels.swift,
				Models/ActivityFeedItem.swift,
				Models/Budget.swift,
				Models/Chore.swift,
				Models/Expense.swift,
				Models/Home.swift,
				Models/HouseholdIncome.swift,
				Models/Room.swift,
				Models/SavingsGoal.swift,
				Models/ShoppingItem.swift,
				Shared/AppGroup.swift,
				Shared/MutationCoding.swift,
				Shared/SharedShoppingReader.swift,
				Shared/ShoppingItemDisplay.swift,
				Shared/ShoppingTripAttributes.swift,
			);
			target = CFE0CF462F981896000A2CBD /* RoostWidgetsExtension */;
		};
/* End PBXFileSystemSynchronizedBuildFileExceptionSet section */

/* Begin PBXFileSystemSynchronizedRootGroup section */
		A10000000000000000000032 /* RoostTests */ = {
			isa = PBXFileSystemSynchronizedRootGroup;
			path = RoostTests;
			sourceTree = "<group>";
		};
		A10000000000000000000033 /* RoostUITests */ = {
			isa = PBXFileSystemSynchronizedRootGroup;
			path = RoostUITests;
			sourceTree = "<group>";
		};
		CF2F9AF92F74804E0013AAC9 /* Roost_iOS */ = {
			isa = PBXFileSystemSynchronizedRootGroup;
			exceptions = (
				CF583B872F8CE6CB0032004C /* Exceptions for "Roost_iOS" folder in "Roost_iOS" target */,
				CFE0D4072F981F66000A2CBD /* Exceptions for "Roost_iOS" folder in "RoostWidgetsExtension" target */,
			);
			path = Roost_iOS;
			sourceTree = "<group>";
		};
		CFE0CF4A2F981896000A2CBD /* RoostWidgets */ = {
			isa = PBXFileSystemSynchronizedRootGroup;
			exceptions = (
				CFE0CF5C2F981899000A2CBD /* Exceptions for "RoostWidgets" folder in "RoostWidgetsExtension" target */,
			);
			path = RoostWidgets;
			sourceTree = "<group>";
		};
/* End PBXFileSystemSynchronizedRootGroup section */

/* Begin PBXFrameworksBuildPhase section */
		A10000000000000000000040 /* Frameworks */ = {
			isa = PBXFrameworksBuildPhase;
			buildActionMask = 2147483647;
			files = (
			);
			runOnlyForDeploymentPostprocessing = 0;
		};
		A10000000000000000000041 /* Frameworks */ = {
			isa = PBXFrameworksBuildPhase;
			buildActionMask = 2147483647;
			files = (
			);
			runOnlyForDeploymentPostprocessing = 0;
		};
		CF2F9AF42F74804E0013AAC9 /* Frameworks */ = {
			isa = PBXFrameworksBuildPhase;
			buildActionMask = 2147483647;
			files = (
				A10000000000000000000001 /* Supabase in Frameworks */,
				A10000000000000000000002 /* KeychainAccess in Frameworks */,
				A10000000000000000000003 /* GoogleSignIn in Frameworks */,
				A10000000000000000000004 /* Nuke in Frameworks */,
				CF34273C2F93F11800F2228C /* RevenueCat in Frameworks */,
				A10000000000000000000005 /* SwiftUIIntrospect in Frameworks */,
				A10000000000000000000006 /* FirebaseMessaging in Frameworks */,
				A10000000000000000000007 /* SwiftDate in Frameworks */,
			);
			runOnlyForDeploymentPostprocessing = 0;
		};
		CFE0CF442F981896000A2CBD /* Frameworks */ = {
			isa = PBXFrameworksBuildPhase;
			buildActionMask = 2147483647;
			files = (
				CFE0CF492F981896000A2CBD /* SwiftUI.framework in Frameworks */,
				CFE0CF482F981896000A2CBD /* WidgetKit.framework in Frameworks */,
			);
			runOnlyForDeploymentPostprocessing = 0;
		};
/* End PBXFrameworksBuildPhase section */

/* Begin PBXGroup section */
		CF2F9AEE2F74804E0013AAC9 = {
			isa = PBXGroup;
			children = (
				CFE0CF5D2F9818BF000A2CBD /* RoostWidgetsExtension.entitlements */,
				CF2F9AF92F74804E0013AAC9 /* Roost_iOS */,
				A10000000000000000000032 /* RoostTests */,
				A10000000000000000000033 /* RoostUITests */,
				CFE0CF4A2F981896000A2CBD /* RoostWidgets */,
				CF2F9AF82F74804E0013AAC9 /* Products */,
				CF2FA1082F7491760013AAC9 /* Recovered References */,
				CF2FA20E2F7492A50013AAC9 /* Info.plist */,
				CF34273A2F93F11800F2228C /* Frameworks */,
			);
			sourceTree = "<group>";
		};
		CF2F9AF82F74804E0013AAC9 /* Products */ = {
			isa = PBXGroup;
			children = (
				CF2F9AF72F74804E0013AAC9 /* Roost.app */,
				A10000000000000000000030 /* RoostTests.xctest */,
				A10000000000000000000031 /* RoostUITests.xctest */,
				CFE0CF472F981896000A2CBD /* RoostWidgetsExtension.appex */,
			);
			name = Products;
			sourceTree = "<group>";
		};
		CF2FA1082F7491760013AAC9 /* Recovered References */ = {
			isa = PBXGroup;
			children = (
				A10000000000000000000034 /* Roost_iOS/Config/Secrets.xcconfig */,
			);
			name = "Recovered References";
			sourceTree = "<group>";
		};
		CF34273A2F93F11800F2228C /* Frameworks */ = {
			isa = PBXGroup;
			children = (
				CFE0CF2A2F98165A000A2CBD /* WidgetKit.framework */,
				CFE0CF2C2F98165B000A2CBD /* SwiftUI.framework */,
			);
			name = Frameworks;
			sourceTree = "<group>";
		};
/* End PBXGroup section */

/* Begin PBXNativeTarget section */
		A10000000000000000000050 /* RoostTests */ = {
			isa = PBXNativeTarget;
			buildConfigurationList = A10000000000000000000090 /* Build configuration list for PBXNativeTarget "RoostTests" */;
			buildPhases = (
				A10000000000000000000042 /* Sources */,
				A10000000000000000000040 /* Frameworks */,
				A10000000000000000000044 /* Resources */,
			);
			buildRules = (
			);
			dependencies = (
				A10000000000000000000060 /* PBXTargetDependency */,
			);
			fileSystemSynchronizedGroups = (
				A10000000000000000000032 /* RoostTests */,
			);
			name = RoostTests;
			packageProductDependencies = (
			);
			productName = RoostTests;
			productReference = A10000000000000000000030 /* RoostTests.xctest */;
			productType = "com.apple.product-type.bundle.unit-test";
		};
		A10000000000000000000051 /* RoostUITests */ = {
			isa = PBXNativeTarget;
			buildConfigurationList = A10000000000000000000091 /* Build configuration list for PBXNativeTarget "RoostUITests" */;
			buildPhases = (
				A10000000000000000000043 /* Sources */,
				A10000000000000000000041 /* Frameworks */,
				A10000000000000000000045 /* Resources */,
			);
			buildRules = (
			);
			dependencies = (
				A10000000000000000000061 /* PBXTargetDependency */,
			);
			fileSystemSynchronizedGroups = (
				A10000000000000000000033 /* RoostUITests */,
			);
			name = RoostUITests;
			packageProductDependencies = (
			);
			productName = RoostUITests;
			productReference = A10000000000000000000031 /* RoostUITests.xctest */;
			productType = "com.apple.product-type.bundle.ui-testing";
		};
		CF2F9AF62F74804E0013AAC9 /* Roost_iOS */ = {
			isa = PBXNativeTarget;
			buildConfigurationList = CF2F9B022F74804F0013AAC9 /* Build configuration list for PBXNativeTarget "Roost_iOS" */;
			buildPhases = (
				CF2F9AF32F74804E0013AAC9 /* Sources */,
				CF2F9AF42F74804E0013AAC9 /* Frameworks */,
				CF2F9AF52F74804E0013AAC9 /* Resources */,
				CFE0CF412F98165D000A2CBD /* Embed Foundation Extensions */,
			);
			buildRules = (
			);
			dependencies = (
				CFE0CF572F981899000A2CBD /* PBXTargetDependency */,
			);
			fileSystemSynchronizedGroups = (
				CF2F9AF92F74804E0013AAC9 /* Roost_iOS */,
			);
			name = Roost_iOS;
			packageProductDependencies = (
				A10000000000000000000101 /* Supabase */,
				A10000000000000000000102 /* KeychainAccess */,
				A10000000000000000000103 /* GoogleSignIn */,
				A10000000000000000000104 /* Nuke */,
				A10000000000000000000105 /* SwiftUIIntrospect */,
				A10000000000000000000106 /* FirebaseMessaging */,
				A10000000000000000000107 /* SwiftDate */,
				CF34273B2F93F11800F2228C /* RevenueCat */,
			);
			productName = Roost;
			productReference = CF2F9AF72F74804E0013AAC9 /* Roost.app */;
			productType = "com.apple.product-type.application";
		};
		CFE0CF462F981896000A2CBD /* RoostWidgetsExtension */ = {
			isa = PBXNativeTarget;
			buildConfigurationList = CFE0CF592F981899000A2CBD /* Build configuration list for PBXNativeTarget "RoostWidgetsExtension" */;
			buildPhases = (
				CFE0CF432F981896000A2CBD /* Sources */,
				CFE0CF442F981896000A2CBD /* Frameworks */,
				CFE0CF452F981896000A2CBD /* Resources */,
			);
			buildRules = (
			);
			dependencies = (
			);
			fileSystemSynchronizedGroups = (
				CFE0CF4A2F981896000A2CBD /* RoostWidgets */,
			);
			name = RoostWidgetsExtension;
			packageProductDependencies = (
			);
			productName = RoostWidgetsExtension;
			productReference = CFE0CF472F981896000A2CBD /* RoostWidgetsExtension.appex */;
			productType = "com.apple.product-type.app-extension";
		};
/* End PBXNativeTarget section */

/* Begin PBXProject section */
		CF2F9AEF2F74804E0013AAC9 /* Project object */ = {
			isa = PBXProject;
			attributes = {
				BuildIndependentTargetsInParallel = 1;
				LastSwiftUpdateCheck = 2640;
				LastUpgradeCheck = 2640;
				TargetAttributes = {
					A10000000000000000000050 = {
						CreatedOnToolsVersion = 26.3;
						TestTargetID = CF2F9AF62F74804E0013AAC9;
					};
					A10000000000000000000051 = {
						CreatedOnToolsVersion = 26.3;
						TestTargetID = CF2F9AF62F74804E0013AAC9;
					};
					CF2F9AF62F74804E0013AAC9 = {
						CreatedOnToolsVersion = 26.3;
					};
					CFE0CF462F981896000A2CBD = {
						CreatedOnToolsVersion = 26.4;
					};
				};
			};
			buildConfigurationList = CF2F9AF22F74804E0013AAC9 /* Build configuration list for PBXProject "Roost_iOS" */;
			developmentRegion = en;
			hasScannedForEncodings = 0;
			knownRegions = (
				en,
				Base,
			);
			mainGroup = CF2F9AEE2F74804E0013AAC9;
			minimizedProjectReferenceProxies = 1;
			packageReferences = (
				A10000000000000000000120 /* XCRemoteSwiftPackageReference "supabase-swift" */,
				A10000000000000000000121 /* XCRemoteSwiftPackageReference "KeychainAccess" */,
				A10000000000000000000122 /* XCRemoteSwiftPackageReference "GoogleSignIn-iOS" */,
				A10000000000000000000123 /* XCRemoteSwiftPackageReference "Nuke" */,
				A10000000000000000000124 /* XCRemoteSwiftPackageReference "swiftui-introspect" */,
				A10000000000000000000125 /* XCRemoteSwiftPackageReference "firebase-ios-sdk" */,
				A10000000000000000000126 /* XCRemoteSwiftPackageReference "SwiftDate" */,
				CF2B50872F93DFFC00FE5DE7 /* XCRemoteSwiftPackageReference "purchases-ios-spm" */,
			);
			preferredProjectObjectVersion = 77;
			productRefGroup = CF2F9AF82F74804E0013AAC9 /* Products */;
			projectDirPath = "";
			projectRoot = "";
			targets = (
				CF2F9AF62F74804E0013AAC9 /* Roost_iOS */,
				A10000000000000000000050 /* RoostTests */,
				A10000000000000000000051 /* RoostUITests */,
				CFE0CF462F981896000A2CBD /* RoostWidgetsExtension */,
			);
		};
/* End PBXProject section */

/* Begin PBXResourcesBuildPhase section */
		A10000000000000000000044 /* Resources */ = {
			isa = PBXResourcesBuildPhase;
			buildActionMask = 2147483647;
			files = (
			);
			runOnlyForDeploymentPostprocessing = 0;
		};
		A10000000000000000000045 /* Resources */ = {
			isa = PBXResourcesBuildPhase;
			buildActionMask = 2147483647;
			files = (
			);
			runOnlyForDeploymentPostprocessing = 0;
		};
		CF2F9AF52F74804E0013AAC9 /* Resources */ = {
			isa = PBXResourcesBuildPhase;
			buildActionMask = 2147483647;
			files = (
			);
			runOnlyForDeploymentPostprocessing = 0;
		};
		CFE0CF452F981896000A2CBD /* Resources */ = {
			isa = PBXResourcesBuildPhase;
			buildActionMask = 2147483647;
			files = (
			);
			runOnlyForDeploymentPostprocessing = 0;
		};
/* End PBXResourcesBuildPhase section */

/* Begin PBXSourcesBuildPhase section */
		A10000000000000000000042 /* Sources */ = {
			isa = PBXSourcesBuildPhase;
			buildActionMask = 2147483647;
			files = (
			);
			runOnlyForDeploymentPostprocessing = 0;
		};
		A10000000000000000000043 /* Sources */ = {
			isa = PBXSourcesBuildPhase;
			buildActionMask = 2147483647;
			files = (
			);
			runOnlyForDeploymentPostprocessing = 0;
		};
		CF2F9AF32F74804E0013AAC9 /* Sources */ = {
			isa = PBXSourcesBuildPhase;
			buildActionMask = 2147483647;
			files = (
			);
			runOnlyForDeploymentPostprocessing = 0;
		};
		CFE0CF432F981896000A2CBD /* Sources */ = {
			isa = PBXSourcesBuildPhase;
			buildActionMask = 2147483647;
			files = (
			);
			runOnlyForDeploymentPostprocessing = 0;
		};
/* End PBXSourcesBuildPhase section */

/* Begin PBXTargetDependency section */
		A10000000000000000000060 /* PBXTargetDependency */ = {
			isa = PBXTargetDependency;
			target = CF2F9AF62F74804E0013AAC9 /* Roost_iOS */;
			targetProxy = A10000000000000000000020 /* PBXContainerItemProxy */;
		};
		A10000000000000000000061 /* PBXTargetDependency */ = {
			isa = PBXTargetDependency;
			target = CF2F9AF62F74804E0013AAC9 /* Roost_iOS */;
			targetProxy = A10000000000000000000021 /* PBXContainerItemProxy */;
		};
		CFE0CF572F981899000A2CBD /* PBXTargetDependency */ = {
			isa = PBXTargetDependency;
			target = CFE0CF462F981896000A2CBD /* RoostWidgetsExtension */;
			targetProxy = CFE0CF562F981899000A2CBD /* PBXContainerItemProxy */;
		};
/* End PBXTargetDependency section */

/* Begin XCBuildConfiguration section */
		A10000000000000000000070 /* Debug */ = {
			isa = XCBuildConfiguration;
			buildSettings = {
				BUNDLE_LOADER = "$(TEST_HOST)";
				CODE_SIGN_ENTITLEMENTS = Roost_iOS/Roost_iOS.entitlements;
				CODE_SIGN_STYLE = Automatic;
				CURRENT_PROJECT_VERSION = 1;
				GENERATE_INFOPLIST_FILE = NO;
				INFOPLIST_FILE = Info.plist;
				IPHONEOS_DEPLOYMENT_TARGET = 17.0;
				LD_RUNPATH_SEARCH_PATHS = (
					"$(inherited)",
					"@executable_path/Frameworks",
					"@loader_path/Frameworks",
				);
				MARKETING_VERSION = 1.0;
				PRODUCT_BUNDLE_IDENTIFIER = com.roostapp.ios.tests;
				PRODUCT_NAME = "$(TARGET_NAME)";
				SDKROOT = iphoneos;
				SWIFT_ACTIVE_COMPILATION_CONDITIONS = "DEBUG $(inherited)";
				SWIFT_VERSION = 5.0;
				TARGETED_DEVICE_FAMILY = "1,2";
				TEST_HOST = "$(BUILT_PRODUCTS_DIR)/Roost.app/Roost";
				TEST_TARGET_NAME = Roost_iOS;
			};
			name = Debug;
		};
		A10000000000000000000071 /* Release */ = {
			isa = XCBuildConfiguration;
			buildSettings = {
				BUNDLE_LOADER = "$(TEST_HOST)";
				CODE_SIGN_ENTITLEMENTS = Roost_iOS/Roost_iOS.entitlements;
				CODE_SIGN_STYLE = Automatic;
				CURRENT_PROJECT_VERSION = 1;
				GENERATE_INFOPLIST_FILE = NO;
				INFOPLIST_FILE = Info.plist;
				IPHONEOS_DEPLOYMENT_TARGET = 17.0;
				LD_RUNPATH_SEARCH_PATHS = (
					"$(inherited)",
					"@executable_path/Frameworks",
					"@loader_path/Frameworks",
				);
				MARKETING_VERSION = 1.0;
				PRODUCT_BUNDLE_IDENTIFIER = com.roostapp.ios.tests;
				PRODUCT_NAME = "$(TARGET_NAME)";
				SDKROOT = iphoneos;
				SWIFT_VERSION = 5.0;
				TARGETED_DEVICE_FAMILY = "1,2";
				TEST_HOST = "$(BUILT_PRODUCTS_DIR)/Roost.app/Roost";
				TEST_TARGET_NAME = Roost_iOS;
			};
			name = Release;
		};
		A10000000000000000000072 /* Debug */ = {
			isa = XCBuildConfiguration;
			buildSettings = {
				CODE_SIGN_ENTITLEMENTS = Roost_iOS/Roost_iOS.entitlements;
				CODE_SIGN_STYLE = Automatic;
				CURRENT_PROJECT_VERSION = 1;
				GENERATE_INFOPLIST_FILE = NO;
				INFOPLIST_FILE = Info.plist;
				IPHONEOS_DEPLOYMENT_TARGET = 17.0;
				MARKETING_VERSION = 1.0;
				PRODUCT_BUNDLE_IDENTIFIER = com.roostapp.ios.uitests;
				PRODUCT_NAME = "$(TARGET_NAME)";
				SDKROOT = iphoneos;
				SWIFT_ACTIVE_COMPILATION_CONDITIONS = "DEBUG $(inherited)";
				SWIFT_VERSION = 5.0;
				TARGETED_DEVICE_FAMILY = "1,2";
				TEST_TARGET_NAME = Roost_iOS;
			};
			name = Debug;
		};
		A10000000000000000000073 /* Release */ = {
			isa = XCBuildConfiguration;
			buildSettings = {
				CODE_SIGN_ENTITLEMENTS = Roost_iOS/Roost_iOS.entitlements;
				CODE_SIGN_STYLE = Automatic;
				CURRENT_PROJECT_VERSION = 1;
				GENERATE_INFOPLIST_FILE = NO;
				INFOPLIST_FILE = Info.plist;
				IPHONEOS_DEPLOYMENT_TARGET = 17.0;
				MARKETING_VERSION = 1.0;
				PRODUCT_BUNDLE_IDENTIFIER = com.roostapp.ios.uitests;
				PRODUCT_NAME = "$(TARGET_NAME)";
				SDKROOT = iphoneos;
				SWIFT_VERSION = 5.0;
				TARGETED_DEVICE_FAMILY = "1,2";
				TEST_TARGET_NAME = Roost_iOS;
			};
			name = Release;
		};
		CF2F9B002F74804F0013AAC9 /* Debug */ = {
			isa = XCBuildConfiguration;
			buildSettings = {
				ALWAYS_SEARCH_USER_PATHS = NO;
				ASSETCATALOG_COMPILER_GENERATE_SWIFT_ASSET_SYMBOL_EXTENSIONS = YES;
				CLANG_ANALYZER_NONNULL = YES;
				CLANG_ANALYZER_NUMBER_OBJECT_CONVERSION = YES_AGGRESSIVE;
				CLANG_CXX_LANGUAGE_STANDARD = "gnu++20";
				CLANG_ENABLE_MODULES = YES;
				CLANG_ENABLE_OBJC_ARC = YES;
				CLANG_ENABLE_OBJC_WEAK = YES;
				CLANG_WARN_BLOCK_CAPTURE_AUTORELEASING = YES;
				CLANG_WARN_BOOL_CONVERSION = YES;
				CLANG_WARN_COMMA = YES;
				CLANG_WARN_CONSTANT_CONVERSION = YES;
				CLANG_WARN_DEPRECATED_OBJC_IMPLEMENTATIONS = YES;
				CLANG_WARN_DIRECT_OBJC_ISA_USAGE = YES_ERROR;
				CLANG_WARN_DOCUMENTATION_COMMENTS = YES;
				CLANG_WARN_EMPTY_BODY = YES;
				CLANG_WARN_ENUM_CONVERSION = YES;
				CLANG_WARN_INFINITE_RECURSION = YES;
				CLANG_WARN_INT_CONVERSION = YES;
				CLANG_WARN_NON_LITERAL_NULL_CONVERSION = YES;
				CLANG_WARN_OBJC_IMPLICIT_RETAIN_SELF = YES;
				CLANG_WARN_OBJC_LITERAL_CONVERSION = YES;
				CLANG_WARN_OBJC_ROOT_CLASS = YES_ERROR;
				CLANG_WARN_QUOTED_INCLUDE_IN_FRAMEWORK_HEADER = YES;
				CLANG_WARN_RANGE_LOOP_ANALYSIS = YES;
				CLANG_WARN_STRICT_PROTOTYPES = YES;
				CLANG_WARN_SUSPICIOUS_MOVE = YES;
				CLANG_WARN_UNGUARDED_AVAILABILITY = YES_AGGRESSIVE;
				CLANG_WARN_UNREACHABLE_CODE = YES;
				CLANG_WARN__DUPLICATE_METHOD_MATCH = YES;
				COPY_PHASE_STRIP = NO;
				DEBUG_INFORMATION_FORMAT = dwarf;
				ENABLE_STRICT_OBJC_MSGSEND = YES;
				ENABLE_TESTABILITY = YES;
				ENABLE_USER_SCRIPT_SANDBOXING = YES;
				GCC_C_LANGUAGE_STANDARD = gnu17;
				GCC_DYNAMIC_NO_PIC = NO;
				GCC_NO_COMMON_BLOCKS = YES;
				GCC_OPTIMIZATION_LEVEL = 0;
				GCC_PREPROCESSOR_DEFINITIONS = (
					"DEBUG=1",
					"$(inherited)",
				);
				GCC_WARN_64_TO_32_BIT_CONVERSION = YES;
				GCC_WARN_ABOUT_RETURN_TYPE = YES_ERROR;
				GCC_WARN_UNDECLARED_SELECTOR = YES;
				GCC_WARN_UNINITIALIZED_AUTOS = YES_AGGRESSIVE;
				GCC_WARN_UNUSED_FUNCTION = YES;
				GCC_WARN_UNUSED_VARIABLE = YES;
				IPHONEOS_DEPLOYMENT_TARGET = 17.0;
				LOCALIZATION_PREFERS_STRING_CATALOGS = YES;
				MTL_ENABLE_DEBUG_INFO = INCLUDE_SOURCE;
				MTL_FAST_MATH = YES;
				ONLY_ACTIVE_ARCH = YES;
				SDKROOT = iphoneos;
				STRING_CATALOG_GENERATE_SYMBOLS = YES;
				SWIFT_ACTIVE_COMPILATION_CONDITIONS = "DEBUG $(inherited)";
				SWIFT_OPTIMIZATION_LEVEL = "-Onone";
			};
			name = Debug;
		};
		CF2F9B012F74804F0013AAC9 /* Release */ = {
			isa = XCBuildConfiguration;
			buildSettings = {
				ALWAYS_SEARCH_USER_PATHS = NO;
				ASSETCATALOG_COMPILER_GENERATE_SWIFT_ASSET_SYMBOL_EXTENSIONS = YES;
				CLANG_ANALYZER_NONNULL = YES;
				CLANG_ANALYZER_NUMBER_OBJECT_CONVERSION = YES_AGGRESSIVE;
				CLANG_CXX_LANGUAGE_STANDARD = "gnu++20";
				CLANG_ENABLE_MODULES = YES;
				CLANG_ENABLE_OBJC_ARC = YES;
				CLANG_ENABLE_OBJC_WEAK = YES;
				CLANG_WARN_BLOCK_CAPTURE_AUTORELEASING = YES;
				CLANG_WARN_BOOL_CONVERSION = YES;
				CLANG_WARN_COMMA = YES;
				CLANG_WARN_CONSTANT_CONVERSION = YES;
				CLANG_WARN_DEPRECATED_OBJC_IMPLEMENTATIONS = YES;
				CLANG_WARN_DIRECT_OBJC_ISA_USAGE = YES_ERROR;
				CLANG_WARN_DOCUMENTATION_COMMENTS = YES;
				CLANG_WARN_EMPTY_BODY = YES;
				CLANG_WARN_ENUM_CONVERSION = YES;
				CLANG_WARN_INFINITE_RECURSION = YES;
				CLANG_WARN_INT_CONVERSION = YES;
				CLANG_WARN_NON_LITERAL_NULL_CONVERSION = YES;
				CLANG_WARN_OBJC_IMPLICIT_RETAIN_SELF = YES;
				CLANG_WARN_OBJC_LITERAL_CONVERSION = YES;
				CLANG_WARN_OBJC_ROOT_CLASS = YES_ERROR;
				CLANG_WARN_QUOTED_INCLUDE_IN_FRAMEWORK_HEADER = YES;
				CLANG_WARN_RANGE_LOOP_ANALYSIS = YES;
				CLANG_WARN_STRICT_PROTOTYPES = YES;
				CLANG_WARN_SUSPICIOUS_MOVE = YES;
				CLANG_WARN_UNGUARDED_AVAILABILITY = YES_AGGRESSIVE;
				CLANG_WARN_UNREACHABLE_CODE = YES;
				CLANG_WARN__DUPLICATE_METHOD_MATCH = YES;
				COPY_PHASE_STRIP = NO;
				DEBUG_INFORMATION_FORMAT = "dwarf-with-dsym";
				ENABLE_NS_ASSERTIONS = NO;
				ENABLE_STRICT_OBJC_MSGSEND = YES;
				ENABLE_USER_SCRIPT_SANDBOXING = YES;
				GCC_C_LANGUAGE_STANDARD = gnu17;
				GCC_NO_COMMON_BLOCKS = YES;
				GCC_WARN_64_TO_32_BIT_CONVERSION = YES;
				GCC_WARN_ABOUT_RETURN_TYPE = YES_ERROR;
				GCC_WARN_UNDECLARED_SELECTOR = YES;
				GCC_WARN_UNINITIALIZED_AUTOS = YES_AGGRESSIVE;
				GCC_WARN_UNUSED_FUNCTION = YES;
				GCC_WARN_UNUSED_VARIABLE = YES;
				IPHONEOS_DEPLOYMENT_TARGET = 17.0;
				LOCALIZATION_PREFERS_STRING_CATALOGS = YES;
				MTL_ENABLE_DEBUG_INFO = NO;
				MTL_FAST_MATH = YES;
				SDKROOT = iphoneos;
				STRING_CATALOG_GENERATE_SYMBOLS = YES;
				SWIFT_COMPILATION_MODE = wholemodule;
				VALIDATE_PRODUCT = YES;
			};
			name = Release;
		};
		CF2F9B032F74804F0013AAC9 /* Debug */ = {
			isa = XCBuildConfiguration;
			baseConfigurationReference = A10000000000000000000034 /* Roost_iOS/Config/Secrets.xcconfig */;
			buildSettings = {
				ASSETCATALOG_COMPILER_APPICON_NAME = AppIcon;
				ASSETCATALOG_COMPILER_GLOBAL_ACCENT_COLOR_NAME = AccentColor;
				CODE_SIGN_ENTITLEMENTS = Roost_iOS/Roost_iOS.entitlements;
				CODE_SIGN_STYLE = Automatic;
				CURRENT_PROJECT_VERSION = 1;
				DEVELOPMENT_TEAM = 7CAU82Q3B8;
				ENABLE_PREVIEWS = YES;
				GENERATE_INFOPLIST_FILE = NO;
				INFOPLIST_FILE = Info.plist;
				INFOPLIST_KEY_CFBundleDisplayName = Roost;
				INFOPLIST_KEY_CFBundleURLTypes = "{\n    CFBundleURLName = \"studio.pinehollow.roost\";\n    CFBundleURLSchemes =     (\n        \"roost-ios\"\n    );\n}";
				INFOPLIST_KEY_SUPABASE_ANON_KEY = "$(SUPABASE_ANON_KEY)";
				INFOPLIST_KEY_SUPABASE_URL = "$(SUPABASE_URL)";
				INFOPLIST_KEY_UIAppFonts = "DMSans-Thin.ttf DMSans-ThinItalic.ttf DMSans-ExtraLight.ttf DMSans-ExtraLightItalic.ttf DMSans-Light.ttf DMSans-LightItalic.ttf DMSans-Regular.ttf DMSans-Italic.ttf DMSans-Medium.ttf DMSans-MediumItalic.ttf DMSans-SemiBold.ttf DMSans-SemiBoldItalic.ttf DMSans-Bold.ttf DMSans-BoldItalic.ttf DMSans-ExtraBold.ttf DMSans-ExtraBoldItalic.ttf DMSans-Black.ttf DMSans-BlackItalic.ttf";
				INFOPLIST_KEY_UIApplicationSceneManifest_Generation = YES;
				INFOPLIST_KEY_UIApplicationSupportsIndirectInputEvents = YES;
				INFOPLIST_KEY_UIBackgroundModes = "remote-notification";
				INFOPLIST_KEY_UILaunchScreen_Generation = YES;
				INFOPLIST_KEY_UISupportedInterfaceOrientations_iPad = "UIInterfaceOrientationPortrait UIInterfaceOrientationPortraitUpsideDown UIInterfaceOrientationLandscapeLeft UIInterfaceOrientationLandscapeRight";
				INFOPLIST_KEY_UISupportedInterfaceOrientations_iPhone = "UIInterfaceOrientationPortrait UIInterfaceOrientationLandscapeLeft UIInterfaceOrientationLandscapeRight";
				LD_RUNPATH_SEARCH_PATHS = (
					"$(inherited)",
					"@executable_path/Frameworks",
				);
				MARKETING_VERSION = 1.0;
				PRODUCT_BUNDLE_IDENTIFIER = studio.pinehollow.roost;
				PRODUCT_NAME = Roost;
				STRING_CATALOG_GENERATE_SYMBOLS = YES;
				SWIFT_APPROACHABLE_CONCURRENCY = YES;
				SWIFT_DEFAULT_ACTOR_ISOLATION = MainActor;
				SWIFT_EMIT_LOC_STRINGS = YES;
				SWIFT_UPCOMING_FEATURE_MEMBER_IMPORT_VISIBILITY = YES;
				SWIFT_VERSION = 5.0;
				TARGETED_DEVICE_FAMILY = "1,2";
			};
			name = Debug;
		};
		CF2F9B042F74804F0013AAC9 /* Release */ = {
			isa = XCBuildConfiguration;
			baseConfigurationReference = A10000000000000000000034 /* Roost_iOS/Config/Secrets.xcconfig */;
			buildSettings = {
				ASSETCATALOG_COMPILER_APPICON_NAME = AppIcon;
				ASSETCATALOG_COMPILER_GLOBAL_ACCENT_COLOR_NAME = AccentColor;
				CODE_SIGN_ENTITLEMENTS = Roost_iOS/Roost_iOS.entitlements;
				CODE_SIGN_STYLE = Automatic;
				CURRENT_PROJECT_VERSION = 1;
				DEVELOPMENT_TEAM = 7CAU82Q3B8;
				ENABLE_PREVIEWS = YES;
				GENERATE_INFOPLIST_FILE = NO;
				INFOPLIST_FILE = Info.plist;
				INFOPLIST_KEY_CFBundleDisplayName = Roost;
				INFOPLIST_KEY_CFBundleURLTypes = "{\n    CFBundleURLName = \"studio.pinehollow.roost\";\n    CFBundleURLSchemes =     (\n        \"roost-ios\"\n    );\n}";
				INFOPLIST_KEY_SUPABASE_ANON_KEY = "$(SUPABASE_ANON_KEY)";
				INFOPLIST_KEY_SUPABASE_URL = "$(SUPABASE_URL)";
				INFOPLIST_KEY_UIAppFonts = "DMSans-Thin.ttf DMSans-ThinItalic.ttf DMSans-ExtraLight.ttf DMSans-ExtraLightItalic.ttf DMSans-Light.ttf DMSans-LightItalic.ttf DMSans-Regular.ttf DMSans-Italic.ttf DMSans-Medium.ttf DMSans-MediumItalic.ttf DMSans-SemiBold.ttf DMSans-SemiBoldItalic.ttf DMSans-Bold.ttf DMSans-BoldItalic.ttf DMSans-ExtraBold.ttf DMSans-ExtraBoldItalic.ttf DMSans-Black.ttf DMSans-BlackItalic.ttf";
				INFOPLIST_KEY_UIApplicationSceneManifest_Generation = YES;
				INFOPLIST_KEY_UIApplicationSupportsIndirectInputEvents = YES;
				INFOPLIST_KEY_UIBackgroundModes = "remote-notification";
				INFOPLIST_KEY_UILaunchScreen_Generation = YES;
				INFOPLIST_KEY_UISupportedInterfaceOrientations_iPad = "UIInterfaceOrientationPortrait UIInterfaceOrientationPortraitUpsideDown UIInterfaceOrientationLandscapeLeft UIInterfaceOrientationLandscapeRight";
				INFOPLIST_KEY_UISupportedInterfaceOrientations_iPhone = "UIInterfaceOrientationPortrait UIInterfaceOrientationLandscapeLeft UIInterfaceOrientationLandscapeRight";
				LD_RUNPATH_SEARCH_PATHS = (
					"$(inherited)",
					"@executable_path/Frameworks",
				);
				MARKETING_VERSION = 1.0;
				PRODUCT_BUNDLE_IDENTIFIER = studio.pinehollow.roost;
				PRODUCT_NAME = Roost;
				STRING_CATALOG_GENERATE_SYMBOLS = YES;
				SWIFT_APPROACHABLE_CONCURRENCY = YES;
				SWIFT_DEFAULT_ACTOR_ISOLATION = MainActor;
				SWIFT_EMIT_LOC_STRINGS = YES;
				SWIFT_UPCOMING_FEATURE_MEMBER_IMPORT_VISIBILITY = YES;
				SWIFT_VERSION = 5.0;
				TARGETED_DEVICE_FAMILY = "1,2";
			};
			name = Release;
		};
		CFE0CF5A2F981899000A2CBD /* Debug */ = {
			isa = XCBuildConfiguration;
			buildSettings = {
				ASSETCATALOG_COMPILER_GLOBAL_ACCENT_COLOR_NAME = AccentColor;
				ASSETCATALOG_COMPILER_WIDGET_BACKGROUND_COLOR_NAME = WidgetBackground;
				CODE_SIGN_ENTITLEMENTS = RoostWidgetsExtension.entitlements;
				CODE_SIGN_STYLE = Automatic;
				CURRENT_PROJECT_VERSION = 1;
				DEVELOPMENT_TEAM = 7CAU82Q3B8;
				GENERATE_INFOPLIST_FILE = YES;
				INFOPLIST_FILE = RoostWidgets/Info.plist;
				INFOPLIST_KEY_CFBundleDisplayName = RoostWidgets;
				INFOPLIST_KEY_NSHumanReadableCopyright = "";
				IPHONEOS_DEPLOYMENT_TARGET = 17.0;
				LD_RUNPATH_SEARCH_PATHS = (
					"$(inherited)",
					"@executable_path/Frameworks",
					"@executable_path/../../Frameworks",
				);
				MARKETING_VERSION = 1.0;
				PRODUCT_BUNDLE_IDENTIFIER = studio.pinehollow.roost.RoostWidgets;
				PRODUCT_NAME = "$(TARGET_NAME)";
				SKIP_INSTALL = YES;
				STRING_CATALOG_GENERATE_SYMBOLS = YES;
				SWIFT_APPROACHABLE_CONCURRENCY = YES;
				SWIFT_EMIT_LOC_STRINGS = YES;
				SWIFT_UPCOMING_FEATURE_MEMBER_IMPORT_VISIBILITY = YES;
				SWIFT_VERSION = 5.0;
				TARGETED_DEVICE_FAMILY = "1,2";
			};
			name = Debug;
		};
		CFE0CF5B2F981899000A2CBD /* Release */ = {
			isa = XCBuildConfiguration;
			buildSettings = {
				ASSETCATALOG_COMPILER_GLOBAL_ACCENT_COLOR_NAME = AccentColor;
				ASSETCATALOG_COMPILER_WIDGET_BACKGROUND_COLOR_NAME = WidgetBackground;
				CODE_SIGN_ENTITLEMENTS = RoostWidgetsExtension.entitlements;
				CODE_SIGN_STYLE = Automatic;
				CURRENT_PROJECT_VERSION = 1;
				DEVELOPMENT_TEAM = 7CAU82Q3B8;
				GENERATE_INFOPLIST_FILE = YES;
				INFOPLIST_FILE = RoostWidgets/Info.plist;
				INFOPLIST_KEY_CFBundleDisplayName = RoostWidgets;
				INFOPLIST_KEY_NSHumanReadableCopyright = "";
				IPHONEOS_DEPLOYMENT_TARGET = 17.0;
				LD_RUNPATH_SEARCH_PATHS = (
					"$(inherited)",
					"@executable_path/Frameworks",
					"@executable_path/../../Frameworks",
				);
				MARKETING_VERSION = 1.0;
				PRODUCT_BUNDLE_IDENTIFIER = studio.pinehollow.roost.RoostWidgets;
				PRODUCT_NAME = "$(TARGET_NAME)";
				SKIP_INSTALL = YES;
				STRING_CATALOG_GENERATE_SYMBOLS = YES;
				SWIFT_APPROACHABLE_CONCURRENCY = YES;
				SWIFT_EMIT_LOC_STRINGS = YES;
				SWIFT_UPCOMING_FEATURE_MEMBER_IMPORT_VISIBILITY = YES;
				SWIFT_VERSION = 5.0;
				TARGETED_DEVICE_FAMILY = "1,2";
			};
			name = Release;
		};
/* End XCBuildConfiguration section */

/* Begin XCConfigurationList section */
		A10000000000000000000090 /* Build configuration list for PBXNativeTarget "RoostTests" */ = {
			isa = XCConfigurationList;
			buildConfigurations = (
				A10000000000000000000070 /* Debug */,
				A10000000000000000000071 /* Release */,
			);
			defaultConfigurationIsVisible = 0;
			defaultConfigurationName = Release;
		};
		A10000000000000000000091 /* Build configuration list for PBXNativeTarget "RoostUITests" */ = {
			isa = XCConfigurationList;
			buildConfigurations = (
				A10000000000000000000072 /* Debug */,
				A10000000000000000000073 /* Release */,
			);
			defaultConfigurationIsVisible = 0;
			defaultConfigurationName = Release;
		};
		CF2F9AF22F74804E0013AAC9 /* Build configuration list for PBXProject "Roost_iOS" */ = {
			isa = XCConfigurationList;
			buildConfigurations = (
				CF2F9B002F74804F0013AAC9 /* Debug */,
				CF2F9B012F74804F0013AAC9 /* Release */,
			);
			defaultConfigurationIsVisible = 0;
			defaultConfigurationName = Release;
		};
		CF2F9B022F74804F0013AAC9 /* Build configuration list for PBXNativeTarget "Roost_iOS" */ = {
			isa = XCConfigurationList;
			buildConfigurations = (
				CF2F9B032F74804F0013AAC9 /* Debug */,
				CF2F9B042F74804F0013AAC9 /* Release */,
			);
			defaultConfigurationIsVisible = 0;
			defaultConfigurationName = Release;
		};
		CFE0CF592F981899000A2CBD /* Build configuration list for PBXNativeTarget "RoostWidgetsExtension" */ = {
			isa = XCConfigurationList;
			buildConfigurations = (
				CFE0CF5A2F981899000A2CBD /* Debug */,
				CFE0CF5B2F981899000A2CBD /* Release */,
			);
			defaultConfigurationIsVisible = 0;
			defaultConfigurationName = Release;
		};
/* End XCConfigurationList section */

/* Begin XCRemoteSwiftPackageReference section */
		A10000000000000000000120 /* XCRemoteSwiftPackageReference "supabase-swift" */ = {
			isa = XCRemoteSwiftPackageReference;
			repositoryURL = "https://github.com/supabase/supabase-swift";
			requirement = {
				kind = upToNextMajorVersion;
				minimumVersion = 2.0.0;
			};
		};
		A10000000000000000000121 /* XCRemoteSwiftPackageReference "KeychainAccess" */ = {
			isa = XCRemoteSwiftPackageReference;
			repositoryURL = "https://github.com/kishikawakatsumi/KeychainAccess";
			requirement = {
				kind = upToNextMajorVersion;
				minimumVersion = 4.2.2;
			};
		};
		A10000000000000000000122 /* XCRemoteSwiftPackageReference "GoogleSignIn-iOS" */ = {
			isa = XCRemoteSwiftPackageReference;
			repositoryURL = "https://github.com/google/GoogleSignIn-iOS";
			requirement = {
				kind = upToNextMajorVersion;
				minimumVersion = 8.0.0;
			};
		};
		A10000000000000000000123 /* XCRemoteSwiftPackageReference "Nuke" */ = {
			isa = XCRemoteSwiftPackageReference;
			repositoryURL = "https://github.com/kean/Nuke";
			requirement = {
				kind = upToNextMajorVersion;
				minimumVersion = 12.8.0;
			};
		};
		A10000000000000000000124 /* XCRemoteSwiftPackageReference "swiftui-introspect" */ = {
			isa = XCRemoteSwiftPackageReference;
			repositoryURL = "https://github.com/siteline/swiftui-introspect";
			requirement = {
				kind = upToNextMajorVersion;
				minimumVersion = 1.3.0;
			};
		};
		A10000000000000000000125 /* XCRemoteSwiftPackageReference "firebase-ios-sdk" */ = {
			isa = XCRemoteSwiftPackageReference;
			repositoryURL = "https://github.com/firebase/firebase-ios-sdk";
			requirement = {
				kind = upToNextMajorVersion;
				minimumVersion = 11.0.0;
			};
		};
		A10000000000000000000126 /* XCRemoteSwiftPackageReference "SwiftDate" */ = {
			isa = XCRemoteSwiftPackageReference;
			repositoryURL = "https://github.com/malcommac/SwiftDate";
			requirement = {
				kind = upToNextMajorVersion;
				minimumVersion = 7.0.0;
			};
		};
		CF2B50872F93DFFC00FE5DE7 /* XCRemoteSwiftPackageReference "purchases-ios-spm" */ = {
			isa = XCRemoteSwiftPackageReference;
			repositoryURL = "https://github.com/RevenueCat/purchases-ios-spm.git";
			requirement = {
				kind = upToNextMajorVersion;
				minimumVersion = 5.68.0;
			};
		};
/* End XCRemoteSwiftPackageReference section */

/* Begin XCSwiftPackageProductDependency section */
		A10000000000000000000101 /* Supabase */ = {
			isa = XCSwiftPackageProductDependency;
			package = A10000000000000000000120 /* XCRemoteSwiftPackageReference "supabase-swift" */;
			productName = Supabase;
		};
		A10000000000000000000102 /* KeychainAccess */ = {
			isa = XCSwiftPackageProductDependency;
			package = A10000000000000000000121 /* XCRemoteSwiftPackageReference "KeychainAccess" */;
			productName = KeychainAccess;
		};
		A10000000000000000000103 /* GoogleSignIn */ = {
			isa = XCSwiftPackageProductDependency;
			package = A10000000000000000000122 /* XCRemoteSwiftPackageReference "GoogleSignIn-iOS" */;
			productName = GoogleSignIn;
		};
		A10000000000000000000104 /* Nuke */ = {
			isa = XCSwiftPackageProductDependency;
			package = A10000000000000000000123 /* XCRemoteSwiftPackageReference "Nuke" */;
			productName = Nuke;
		};
		A10000000000000000000105 /* SwiftUIIntrospect */ = {
			isa = XCSwiftPackageProductDependency;
			package = A10000000000000000000124 /* XCRemoteSwiftPackageReference "swiftui-introspect" */;
			productName = SwiftUIIntrospect;
		};
		A10000000000000000000106 /* FirebaseMessaging */ = {
			isa = XCSwiftPackageProductDependency;
			package = A10000000000000000000125 /* XCRemoteSwiftPackageReference "firebase-ios-sdk" */;
			productName = FirebaseMessaging;
		};
		A10000000000000000000107 /* SwiftDate */ = {
			isa = XCSwiftPackageProductDependency;
			package = A10000000000000000000126 /* XCRemoteSwiftPackageReference "SwiftDate" */;
			productName = SwiftDate;
		};
		CF34273B2F93F11800F2228C /* RevenueCat */ = {
			isa = XCSwiftPackageProductDependency;
			package = CF2B50872F93DFFC00FE5DE7 /* XCRemoteSwiftPackageReference "purchases-ios-spm" */;
			productName = RevenueCat;
		};
/* End XCSwiftPackageProductDependency section */
	};
	rootObject = CF2F9AEF2F74804E0013AAC9 /* Project object */;
}
